<?xml version="1.0" encoding="utf-8"?>
<Project ToolsVersion="4.0" xmlns="http://schemas.microsoft.com/developer/msbuild/2003">
  <ItemGroup>
    <Filter Include="Исходные файлы">
      <UniqueIdentifier>{4FC737F1-C7A5-4376-A066-2A32D752A2FF}</UniqueIdentifier>
      <Extensions>cpp;c;cc;cxx;c++;cppm;ixx;def;odl;idl;hpj;bat;asm;asmx</Extensions>
    </Filter>
    <Filter Include="Файлы заголовков">
      <UniqueIdentifier>{93995380-89BD-4b04-88EB-625FBE52EBFB}</UniqueIdentifier>
      <Extensions>h;hh;hpp;hxx;h++;hm;inl;inc;ipp;xsd</Extensions>
    </Filter>
    <Filter Include="Файлы ресурсов">
      <UniqueIdentifier>{67DA6AB6-F800-4c08-8B7A-83BB121AAD01}</UniqueIdentifier>
      <Extensions>rc;ico;cur;bmp;dlg;rc2;rct;bin;rgs;gif;jpg;jpeg;jpe;resx;tiff;tif;png;wav;mfcribbon-ms</Extensions>
    </Filter>
  </ItemGroup>
  <ItemGroup>
    <ClCompile Include="1 лаба 16.02.24.cpp">
      <Filter>Исходные файлы</Filter>
    </ClCompile>
    <ClCompile Include="RLE.cpp">
      <Filter>Исходные файлы</Filter>
    </ClCompile>
    <ClCompile Include="BTW.cpp">
      <Filter>Исходные файлы</Filter>
    </ClCompile>
    <ClCompile Include="Entropia.cpp">
      <Filter>Исходные файлы</Filter>
    </ClCompile>
    <ClCompile Include="MTF.cpp">
      <Filter>Исходные файлы</Filter>
    </ClCompile>
    <ClCompile Include="Arithmetic_coding.cpp">
      <Filter>Исходные файлы</Filter>
    </ClCompile>
    <ClCompile Include="final_compressor.cpp">
      <Filter>Исходные файлы</Filter>
    </ClCompile>
    <ClCompile Include="Huffman Coding.cpp">
      <Filter>Исходные файлы</Filter>
    </ClCompile>
    <ClCompile Include="fast_BWT.cpp">
      <Filter>Исходные файлы</Filter>
    </ClCompile>
    <ClCompile Include="BinaryFile.cpp">
      <Filter>Исходные файлы</Filter>
    </ClCompile>
  </ItemGroup>
  <ItemGroup>
    <ClInclude Include="RLE.h">
      <Filter>Файлы заголовков</Filter>
    </ClInclude>
    <ClInclude Include="BTW.h">
      <Filter>Файлы заголовков</Filter>
    </ClInclude>
    <ClInclude Include="Entropia.h">
      <Filter>Файлы заголовков</Filter>
    </ClInclude>
    <ClInclude Include="MTF.h">
      <Filter>Файлы заголовков</Filter>
    </ClInclude>
    <ClInclude Include="Arithmetic_coding.h">
      <Filter>Файлы заголовков</Filter>
    </ClInclude>
    <ClInclude Include="final_compressor.h">
      <Filter>Файлы заголовков</Filter>
    </ClInclude>
    <ClInclude Include="library.h">
      <Filter>Файлы заголовков</Filter>
    </ClInclude>
    <ClInclude Include="Huffman Coding.h">
      <Filter>Файлы заголовков</Filter>
    </ClInclude>
    <ClInclude Include="fast_BWT.h">
      <Filter>Файлы заголовков</Filter>
    </ClInclude>
    <ClInclude Include="BinaryFile.h">
      <Filter>Файлы заголовков</Filter>
    </ClInclude>
    <ClInclude Include="LZ77.h">
      <Filter>Файлы заголовков</Filter>
    </ClInclude>
  </ItemGroup>
</Project>